
Microsoft Visual Studio Solution File, Format Version 12.00
# Visual Studio Express 15 for Windows Desktop
VisualStudioVersion = 15.0.27703.2035
MinimumVisualStudioVersion = 10.0.40219.1
Project("{FAE04EC0-301F-11D3-BF4B-00C04F79EFBC}") = "WindowsFormsApp2", "WindowsFormsApp2\WindowsFormsApp2.csproj", "{680B0304-5D7A-489D-8590-1184517A91ED}"
EndProject
Global
	GlobalSection(SolutionConfigurationPlatforms) = preSolution
		Debug|Any CPU = Debug|Any CPU
		Release|Any CPU = Release|Any CPU
	EndGlobalSection
	GlobalSection(ProjectConfigurationPlatforms) = postSolution
		{680B0304-5D7A-489D-8590-1184517A91ED}.Debug|Any CPU.ActiveCfg = Debug|Any CPU
		{680B0304-5D7A-489D-8590-1184517A91ED}.Debug|Any CPU.Build.0 = Debug|Any CPU
		{680B0304-5D7A-489D-8590-1184517A91ED}.Release|Any CPU.ActiveCfg = Release|Any CPU
		{680B0304-5D7A-489D-8590-1184517A91ED}.Release|Any CPU.Build.0 = Release|Any CPU
	EndGlobalSection
	GlobalSection(SolutionProperties) = preSolution
		HideSolutionNode = FALSE
	EndGlobalSection
	GlobalSection(ExtensibilityGlobals) = postSolution
		SolutionGuid = {07A3B53F-6135-471D-9D7D-C73DAB920019}
	EndGlobalSection
EndGlobal
