
Microsoft Visual Studio Solution File, Format Version 12.00
# Visual Studio Express 15 for Windows Desktop
VisualStudioVersion = 15.0.27703.2035
MinimumVisualStudioVersion = 10.0.40219.1
Project("{FAE04EC0-301F-11D3-BF4B-00C04F79EFBC}") = "PU2", "PU2\PU2.csproj", "{996DD6D1-9C67-4F67-92EB-D3E36522676D}"
EndProject
Global
	GlobalSection(SolutionConfigurationPlatforms) = preSolution
		Debug|Any CPU = Debug|Any CPU
		Release|Any CPU = Release|Any CPU
	EndGlobalSection
	GlobalSection(ProjectConfigurationPlatforms) = postSolution
		{996DD6D1-9C67-4F67-92EB-D3E36522676D}.Debug|Any CPU.ActiveCfg = Debug|Any CPU
		{996DD6D1-9C67-4F67-92EB-D3E36522676D}.Debug|Any CPU.Build.0 = Debug|Any CPU
		{996DD6D1-9C67-4F67-92EB-D3E36522676D}.Release|Any CPU.ActiveCfg = Release|Any CPU
		{996DD6D1-9C67-4F67-92EB-D3E36522676D}.Release|Any CPU.Build.0 = Release|Any CPU
	EndGlobalSection
	GlobalSection(SolutionProperties) = preSolution
		HideSolutionNode = FALSE
	EndGlobalSection
	GlobalSection(ExtensibilityGlobals) = postSolution
		SolutionGuid = {7F0976CC-5267-4F4C-8E92-5D0F21F48A8F}
	EndGlobalSection
EndGlobal
